PODS:
  - boost (1.76.0)
  - CocoaAsyncSocket (7.6.5)
  - DoubleConversion (1.1.6)
  - FBLazyVector (0.71.3)
  - FBReactNativeSpec (0.71.3):
    - RCT-Folly (= 2021.07.22.00)
    - RCTRequired (= 0.71.3)
    - RCTTypeSafety (= 0.71.3)
    - React-Core (= 0.71.3)
    - React-jsi (= 0.71.3)
    - ReactCommon/turbomodule/core (= 0.71.3)
  - Firebase (10.7.0):
    - Firebase/Core (= 10.7.0)
  - Firebase/Core (10.7.0):
    - Firebase/CoreOnly
    - FirebaseAnalytics (~> 10.7.0)
  - Firebase/CoreOnly (10.7.0):
    - FirebaseCore (= 10.7.0)
  - Firebase/Database (10.7.0):
    - Firebase/CoreOnly
    - FirebaseDatabase (~> 10.7.0)
  - Firebase/Messaging (10.7.0):
    - Firebase/CoreOnly
    - FirebaseMessaging (~> 10.7.0)
  - FirebaseAnalytics (10.7.0):
    - FirebaseAnalytics/AdIdSupport (= 10.7.0)
    - FirebaseCore (~> 10.0)
    - FirebaseInstallations (~> 10.0)
    - GoogleUtilities/AppDelegateSwizzler (~> 7.8)
    - GoogleUtilities/MethodSwizzler (~> 7.8)
    - GoogleUtilities/Network (~> 7.8)
    - "GoogleUtilities/NSData+zlib (~> 7.8)"
    - nanopb (< 2.30910.0, >= 2.30908.0)
  - FirebaseAnalytics/AdIdSupport (10.7.0):
    - FirebaseCore (~> 10.0)
    - FirebaseInstallations (~> 10.0)
    - GoogleAppMeasurement (= 10.7.0)
    - GoogleUtilities/AppDelegateSwizzler (~> 7.8)
    - GoogleUtilities/MethodSwizzler (~> 7.8)
    - GoogleUtilities/Network (~> 7.8)
    - "GoogleUtilities/NSData+zlib (~> 7.8)"
    - nanopb (< 2.30910.0, >= 2.30908.0)
  - FirebaseCore (10.7.0):
    - FirebaseCoreInternal (~> 10.0)
    - GoogleUtilities/Environment (~> 7.8)
    - GoogleUtilities/Logger (~> 7.8)
  - FirebaseCoreExtension (10.7.0):
    - FirebaseCore (~> 10.0)
  - FirebaseCoreInternal (10.14.0):
    - "GoogleUtilities/NSData+zlib (~> 7.8)"
  - FirebaseDatabase (10.7.0):
    - FirebaseCore (~> 10.0)
    - leveldb-library (~> 1.22)
  - FirebaseInstallations (10.14.0):
    - FirebaseCore (~> 10.0)
    - GoogleUtilities/Environment (~> 7.8)
    - GoogleUtilities/UserDefaults (~> 7.8)
    - PromisesObjC (~> 2.1)
  - FirebaseMessaging (10.7.0):
    - FirebaseCore (~> 10.0)
    - FirebaseInstallations (~> 10.0)
    - GoogleDataTransport (~> 9.2)
    - GoogleUtilities/AppDelegateSwizzler (~> 7.8)
    - GoogleUtilities/Environment (~> 7.8)
    - GoogleUtilities/Reachability (~> 7.8)
    - GoogleUtilities/UserDefaults (~> 7.8)
    - nanopb (< 2.30910.0, >= 2.30908.0)
  - Flipper (0.125.0):
    - Flipper-Folly (~> 2.6)
    - Flipper-RSocket (~> 1.4)
  - Flipper-Boost-iOSX (1.76.0.1.11)
  - Flipper-DoubleConversion (3.2.0.1)
  - Flipper-Fmt (7.1.7)
  - Flipper-Folly (2.6.10):
    - Flipper-Boost-iOSX
    - Flipper-DoubleConversion
    - Flipper-Fmt (= 7.1.7)
    - Flipper-Glog
    - libevent (~> 2.1.12)
    - OpenSSL-Universal (= 1.1.1100)
  - Flipper-Glog (0.5.0.5)
  - Flipper-PeerTalk (0.0.4)
  - Flipper-RSocket (1.4.3):
    - Flipper-Folly (~> 2.6)
  - FlipperKit (0.125.0):
    - FlipperKit/Core (= 0.125.0)
  - FlipperKit/Core (0.125.0):
    - Flipper (~> 0.125.0)
    - FlipperKit/CppBridge
    - FlipperKit/FBCxxFollyDynamicConvert
    - FlipperKit/FBDefines
    - FlipperKit/FKPortForwarding
    - SocketRocket (~> 0.6.0)
  - FlipperKit/CppBridge (0.125.0):
    - Flipper (~> 0.125.0)
  - FlipperKit/FBCxxFollyDynamicConvert (0.125.0):
    - Flipper-Folly (~> 2.6)
  - FlipperKit/FBDefines (0.125.0)
  - FlipperKit/FKPortForwarding (0.125.0):
    - CocoaAsyncSocket (~> 7.6)
    - Flipper-PeerTalk (~> 0.0.4)
  - FlipperKit/FlipperKitHighlightOverlay (0.125.0)
  - FlipperKit/FlipperKitLayoutHelpers (0.125.0):
    - FlipperKit/Core
    - FlipperKit/FlipperKitHighlightOverlay
    - FlipperKit/FlipperKitLayoutTextSearchable
  - FlipperKit/FlipperKitLayoutIOSDescriptors (0.125.0):
    - FlipperKit/Core
    - FlipperKit/FlipperKitHighlightOverlay
    - FlipperKit/FlipperKitLayoutHelpers
    - YogaKit (~> 1.18)
  - FlipperKit/FlipperKitLayoutPlugin (0.125.0):
    - FlipperKit/Core
    - FlipperKit/FlipperKitHighlightOverlay
    - FlipperKit/FlipperKitLayoutHelpers
    - FlipperKit/FlipperKitLayoutIOSDescriptors
    - FlipperKit/FlipperKitLayoutTextSearchable
    - YogaKit (~> 1.18)
  - FlipperKit/FlipperKitLayoutTextSearchable (0.125.0)
  - FlipperKit/FlipperKitNetworkPlugin (0.125.0):
    - FlipperKit/Core
  - FlipperKit/FlipperKitReactPlugin (0.125.0):
    - FlipperKit/Core
  - FlipperKit/FlipperKitUserDefaultsPlugin (0.125.0):
    - FlipperKit/Core
  - FlipperKit/SKIOSNetworkPlugin (0.125.0):
    - FlipperKit/Core
    - FlipperKit/FlipperKitNetworkPlugin
  - fmt (6.2.1)
  - glog (0.3.5)
  - GoogleAppMeasurement (10.7.0):
    - GoogleAppMeasurement/AdIdSupport (= 10.7.0)
    - GoogleUtilities/AppDelegateSwizzler (~> 7.8)
    - GoogleUtilities/MethodSwizzler (~> 7.8)
    - GoogleUtilities/Network (~> 7.8)
    - "GoogleUtilities/NSData+zlib (~> 7.8)"
    - nanopb (< 2.30910.0, >= 2.30908.0)
  - GoogleAppMeasurement/AdIdSupport (10.7.0):
    - GoogleAppMeasurement/WithoutAdIdSupport (= 10.7.0)
    - GoogleUtilities/AppDelegateSwizzler (~> 7.8)
    - GoogleUtilities/MethodSwizzler (~> 7.8)
    - GoogleUtilities/Network (~> 7.8)
    - "GoogleUtilities/NSData+zlib (~> 7.8)"
    - nanopb (< 2.30910.0, >= 2.30908.0)
  - GoogleAppMeasurement/WithoutAdIdSupport (10.7.0):
    - GoogleUtilities/AppDelegateSwizzler (~> 7.8)
    - GoogleUtilities/MethodSwizzler (~> 7.8)
    - GoogleUtilities/Network (~> 7.8)
    - "GoogleUtilities/NSData+zlib (~> 7.8)"
    - nanopb (< 2.30910.0, >= 2.30908.0)
  - GoogleDataTransport (9.2.5):
    - GoogleUtilities/Environment (~> 7.7)
    - nanopb (< 2.30910.0, >= 2.30908.0)
    - PromisesObjC (< 3.0, >= 1.2)
  - GoogleUtilities (7.11.5):
    - GoogleUtilities/AppDelegateSwizzler (= 7.11.5)
    - GoogleUtilities/Environment (= 7.11.5)
    - GoogleUtilities/ISASwizzler (= 7.11.5)
    - GoogleUtilities/Logger (= 7.11.5)
    - GoogleUtilities/MethodSwizzler (= 7.11.5)
    - GoogleUtilities/Network (= 7.11.5)
    - "GoogleUtilities/NSData+zlib (= 7.11.5)"
    - GoogleUtilities/Reachability (= 7.11.5)
    - GoogleUtilities/SwizzlerTestHelpers (= 7.11.5)
    - GoogleUtilities/UserDefaults (= 7.11.5)
  - GoogleUtilities/AppDelegateSwizzler (7.11.5):
    - GoogleUtilities/Environment
    - GoogleUtilities/Logger
    - GoogleUtilities/Network
  - GoogleUtilities/Environment (7.11.5):
    - PromisesObjC (< 3.0, >= 1.2)
  - GoogleUtilities/ISASwizzler (7.11.5)
  - GoogleUtilities/Logger (7.11.5):
    - GoogleUtilities/Environment
  - GoogleUtilities/MethodSwizzler (7.11.5):
    - GoogleUtilities/Logger
  - GoogleUtilities/Network (7.11.5):
    - GoogleUtilities/Logger
    - "GoogleUtilities/NSData+zlib"
    - GoogleUtilities/Reachability
  - "GoogleUtilities/NSData+zlib (7.11.5)"
  - GoogleUtilities/Reachability (7.11.5):
    - GoogleUtilities/Logger
  - GoogleUtilities/SwizzlerTestHelpers (7.11.5):
    - GoogleUtilities/MethodSwizzler
  - GoogleUtilities/UserDefaults (7.11.5):
    - GoogleUtilities/Logger
  - leveldb-library (1.22.2)
  - libevent (2.1.12)
  - nanopb (2.30909.0):
    - nanopb/decode (= 2.30909.0)
    - nanopb/encode (= 2.30909.0)
  - nanopb/decode (2.30909.0)
  - nanopb/encode (2.30909.0)
  - OpenSSL-Universal (1.1.1100)
  - PromisesObjC (2.3.1)
  - RCT-Folly (2021.07.22.00):
    - boost
    - DoubleConversion
    - fmt (~> 6.2.1)
    - glog
    - RCT-Folly/Default (= 2021.07.22.00)
  - RCT-Folly/Default (2021.07.22.00):
    - boost
    - DoubleConversion
    - fmt (~> 6.2.1)
    - glog
  - RCTRequired (0.71.3)
  - RCTTypeSafety (0.71.3):
    - FBLazyVector (= 0.71.3)
    - RCTRequired (= 0.71.3)
    - React-Core (= 0.71.3)
  - React (0.71.3):
    - React-Core (= 0.71.3)
    - React-Core/DevSupport (= 0.71.3)
    - React-Core/RCTWebSocket (= 0.71.3)
    - React-RCTActionSheet (= 0.71.3)
    - React-RCTAnimation (= 0.71.3)
    - React-RCTBlob (= 0.71.3)
    - React-RCTImage (= 0.71.3)
    - React-RCTLinking (= 0.71.3)
    - React-RCTNetwork (= 0.71.3)
    - React-RCTSettings (= 0.71.3)
    - React-RCTText (= 0.71.3)
    - React-RCTVibration (= 0.71.3)
  - React-callinvoker (0.71.3)
  - React-Codegen (0.71.3):
    - FBReactNativeSpec
    - RCT-Folly
    - RCTRequired
    - RCTTypeSafety
    - React-Core
    - React-jsc
    - React-jsi
    - React-jsiexecutor
    - ReactCommon/turbomodule/bridging
    - ReactCommon/turbomodule/core
  - React-Core (0.71.3):
    - glog
    - RCT-Folly (= 2021.07.22.00)
    - React-Core/Default (= 0.71.3)
    - React-cxxreact (= 0.71.3)
    - React-jsc
    - React-jsi (= 0.71.3)
    - React-jsiexecutor (= 0.71.3)
    - React-perflogger (= 0.71.3)
    - Yoga
  - React-Core/CoreModulesHeaders (0.71.3):
    - glog
    - RCT-Folly (= 2021.07.22.00)
    - React-Core/Default
    - React-cxxreact (= 0.71.3)
    - React-jsc
    - React-jsi (= 0.71.3)
    - React-jsiexecutor (= 0.71.3)
    - React-perflogger (= 0.71.3)
    - Yoga
  - React-Core/Default (0.71.3):
    - glog
    - RCT-Folly (= 2021.07.22.00)
    - React-cxxreact (= 0.71.3)
    - React-jsc
    - React-jsi (= 0.71.3)
    - React-jsiexecutor (= 0.71.3)
    - React-perflogger (= 0.71.3)
    - Yoga
  - React-Core/DevSupport (0.71.3):
    - glog
    - RCT-Folly (= 2021.07.22.00)
    - React-Core/Default (= 0.71.3)
    - React-Core/RCTWebSocket (= 0.71.3)
    - React-cxxreact (= 0.71.3)
    - React-jsc
    - React-jsi (= 0.71.3)
    - React-jsiexecutor (= 0.71.3)
    - React-jsinspector (= 0.71.3)
    - React-perflogger (= 0.71.3)
    - Yoga
  - React-Core/RCTActionSheetHeaders (0.71.3):
    - glog
    - RCT-Folly (= 2021.07.22.00)
    - React-Core/Default
    - React-cxxreact (= 0.71.3)
    - React-jsc
    - React-jsi (= 0.71.3)
    - React-jsiexecutor (= 0.71.3)
    - React-perflogger (= 0.71.3)
    - Yoga
  - React-Core/RCTAnimationHeaders (0.71.3):
    - glog
    - RCT-Folly (= 2021.07.22.00)
    - React-Core/Default
    - React-cxxreact (= 0.71.3)
    - React-jsc
    - React-jsi (= 0.71.3)
    - React-jsiexecutor (= 0.71.3)
    - React-perflogger (= 0.71.3)
    - Yoga
  - React-Core/RCTBlobHeaders (0.71.3):
    - glog
    - RCT-Folly (= 2021.07.22.00)
    - React-Core/Default
    - React-cxxreact (= 0.71.3)
    - React-jsc
    - React-jsi (= 0.71.3)
    - React-jsiexecutor (= 0.71.3)
    - React-perflogger (= 0.71.3)
    - Yoga
  - React-Core/RCTImageHeaders (0.71.3):
    - glog
    - RCT-Folly (= 2021.07.22.00)
    - React-Core/Default
    - React-cxxreact (= 0.71.3)
    - React-jsc
    - React-jsi (= 0.71.3)
    - React-jsiexecutor (= 0.71.3)
    - React-perflogger (= 0.71.3)
    - Yoga
  - React-Core/RCTLinkingHeaders (0.71.3):
    - glog
    - RCT-Folly (= 2021.07.22.00)
    - React-Core/Default
    - React-cxxreact (= 0.71.3)
    - React-jsc
    - React-jsi (= 0.71.3)
    - React-jsiexecutor (= 0.71.3)
    - React-perflogger (= 0.71.3)
    - Yoga
  - React-Core/RCTNetworkHeaders (0.71.3):
    - glog
    - RCT-Folly (= 2021.07.22.00)
    - React-Core/Default
    - React-cxxreact (= 0.71.3)
    - React-jsc
    - React-jsi (= 0.71.3)
    - React-jsiexecutor (= 0.71.3)
    - React-perflogger (= 0.71.3)
    - Yoga
  - React-Core/RCTSettingsHeaders (0.71.3):
    - glog
    - RCT-Folly (= 2021.07.22.00)
    - React-Core/Default
    - React-cxxreact (= 0.71.3)
    - React-jsc
    - React-jsi (= 0.71.3)
    - React-jsiexecutor (= 0.71.3)
    - React-perflogger (= 0.71.3)
    - Yoga
  - React-Core/RCTTextHeaders (0.71.3):
    - glog
    - RCT-Folly (= 2021.07.22.00)
    - React-Core/Default
    - React-cxxreact (= 0.71.3)
    - React-jsc
    - React-jsi (= 0.71.3)
    - React-jsiexecutor (= 0.71.3)
    - React-perflogger (= 0.71.3)
    - Yoga
  - React-Core/RCTVibrationHeaders (0.71.3):
    - glog
    - RCT-Folly (= 2021.07.22.00)
    - React-Core/Default
    - React-cxxreact (= 0.71.3)
    - React-jsc
    - React-jsi (= 0.71.3)
    - React-jsiexecutor (= 0.71.3)
    - React-perflogger (= 0.71.3)
    - Yoga
  - React-Core/RCTWebSocket (0.71.3):
    - glog
    - RCT-Folly (= 2021.07.22.00)
    - React-Core/Default (= 0.71.3)
    - React-cxxreact (= 0.71.3)
    - React-jsc
    - React-jsi (= 0.71.3)
    - React-jsiexecutor (= 0.71.3)
    - React-perflogger (= 0.71.3)
    - Yoga
  - React-CoreModules (0.71.3):
    - RCT-Folly (= 2021.07.22.00)
    - RCTTypeSafety (= 0.71.3)
    - React-Codegen (= 0.71.3)
    - React-Core/CoreModulesHeaders (= 0.71.3)
    - React-jsi (= 0.71.3)
    - React-RCTBlob
    - React-RCTImage (= 0.71.3)
    - ReactCommon/turbomodule/core (= 0.71.3)
  - React-cxxreact (0.71.3):
    - boost (= 1.76.0)
    - DoubleConversion
    - glog
    - RCT-Folly (= 2021.07.22.00)
    - React-callinvoker (= 0.71.3)
    - React-jsi (= 0.71.3)
    - React-jsinspector (= 0.71.3)
    - React-logger (= 0.71.3)
    - React-perflogger (= 0.71.3)
    - React-runtimeexecutor (= 0.71.3)
  - React-jsc (0.71.3):
    - React-jsc/Fabric (= 0.71.3)
    - React-jsi (= 0.71.3)
  - React-jsc/Fabric (0.71.3):
    - React-jsi (= 0.71.3)
  - React-jsi (0.71.3):
    - boost (= 1.76.0)
    - DoubleConversion
    - glog
    - RCT-Folly (= 2021.07.22.00)
  - React-jsiexecutor (0.71.3):
    - DoubleConversion
    - glog
    - RCT-Folly (= 2021.07.22.00)
    - React-cxxreact (= 0.71.3)
    - React-jsi (= 0.71.3)
    - React-perflogger (= 0.71.3)
  - React-jsinspector (0.71.3)
  - React-logger (0.71.3):
    - glog
  - react-native-geolocation (3.0.6):
    - React-Core
  - react-native-restart (0.0.27):
    - React-Core
  - react-native-safe-area-context (3.4.1):
    - React-Core
  - react-native-slider (4.4.3):
    - React-Core
  - react-native-video (5.2.1):
    - React-Core
    - react-native-video/Video (= 5.2.1)
  - react-native-video/Video (5.2.1):
    - React-Core
  - react-native-webview (12.4.0):
    - React-Core
  - react-native-zego-express-engine (3.2.0):
    - React
    - ZegoExpressEngine (= 3.2.0)
  - React-perflogger (0.71.3)
  - React-RCTActionSheet (0.71.3):
    - React-Core/RCTActionSheetHeaders (= 0.71.3)
  - React-RCTAnimation (0.71.3):
    - RCT-Folly (= 2021.07.22.00)
    - RCTTypeSafety (= 0.71.3)
    - React-Codegen (= 0.71.3)
    - React-Core/RCTAnimationHeaders (= 0.71.3)
    - React-jsi (= 0.71.3)
    - ReactCommon/turbomodule/core (= 0.71.3)
  - React-RCTAppDelegate (0.71.3):
    - RCT-Folly
    - RCTRequired
    - RCTTypeSafety
    - React-Core
    - ReactCommon/turbomodule/core
  - React-RCTBlob (0.71.3):
    - RCT-Folly (= 2021.07.22.00)
    - React-Codegen (= 0.71.3)
    - React-Core/RCTBlobHeaders (= 0.71.3)
    - React-Core/RCTWebSocket (= 0.71.3)
    - React-jsi (= 0.71.3)
    - React-RCTNetwork (= 0.71.3)
    - ReactCommon/turbomodule/core (= 0.71.3)
  - React-RCTImage (0.71.3):
    - RCT-Folly (= 2021.07.22.00)
    - RCTTypeSafety (= 0.71.3)
    - React-Codegen (= 0.71.3)
    - React-Core/RCTImageHeaders (= 0.71.3)
    - React-jsi (= 0.71.3)
    - React-RCTNetwork (= 0.71.3)
    - ReactCommon/turbomodule/core (= 0.71.3)
  - React-RCTLinking (0.71.3):
    - React-Codegen (= 0.71.3)
    - React-Core/RCTLinkingHeaders (= 0.71.3)
    - React-jsi (= 0.71.3)
    - ReactCommon/turbomodule/core (= 0.71.3)
  - React-RCTNetwork (0.71.3):
    - RCT-Folly (= 2021.07.22.00)
    - RCTTypeSafety (= 0.71.3)
    - React-Codegen (= 0.71.3)
    - React-Core/RCTNetworkHeaders (= 0.71.3)
    - React-jsi (= 0.71.3)
    - ReactCommon/turbomodule/core (= 0.71.3)
  - React-RCTSettings (0.71.3):
    - RCT-Folly (= 2021.07.22.00)
    - RCTTypeSafety (= 0.71.3)
    - React-Codegen (= 0.71.3)
    - React-Core/RCTSettingsHeaders (= 0.71.3)
    - React-jsi (= 0.71.3)
    - ReactCommon/turbomodule/core (= 0.71.3)
  - React-RCTText (0.71.3):
    - React-Core/RCTTextHeaders (= 0.71.3)
  - React-RCTVibration (0.71.3):
    - RCT-Folly (= 2021.07.22.00)
    - React-Codegen (= 0.71.3)
    - React-Core/RCTVibrationHeaders (= 0.71.3)
    - React-jsi (= 0.71.3)
    - ReactCommon/turbomodule/core (= 0.71.3)
  - React-runtimeexecutor (0.71.3):
    - React-jsi (= 0.71.3)
  - ReactCommon/turbomodule/bridging (0.71.3):
    - DoubleConversion
    - glog
    - RCT-Folly (= 2021.07.22.00)
    - React-callinvoker (= 0.71.3)
    - React-Core (= 0.71.3)
    - React-cxxreact (= 0.71.3)
    - React-jsi (= 0.71.3)
    - React-logger (= 0.71.3)
    - React-perflogger (= 0.71.3)
  - ReactCommon/turbomodule/core (0.71.3):
    - DoubleConversion
    - glog
    - RCT-Folly (= 2021.07.22.00)
    - React-callinvoker (= 0.71.3)
    - React-Core (= 0.71.3)
    - React-cxxreact (= 0.71.3)
    - React-jsi (= 0.71.3)
    - React-logger (= 0.71.3)
    - React-perflogger (= 0.71.3)
  - RNAudioRecorderPlayer (3.5.4):
    - React-Core
  - RNCAsyncStorage (1.19.3):
    - React-Core
  - RNCClipboard (1.5.1):
    - React-Core
  - RNFBApp (17.5.0):
    - Firebase/CoreOnly (= 10.7.0)
    - React-Core
  - RNFBDatabase (17.5.0):
    - Firebase/Database (= 10.7.0)
    - React-Core
    - RNFBApp
  - RNFBMessaging (17.5.0):
    - Firebase/Messaging (= 10.7.0)
    - FirebaseCoreExtension (= 10.7.0)
    - React-Core
    - RNFBApp
  - RNIap (11.0.7):
    - React-Core
  - RNNotifee (7.8.0):
    - React-Core
    - RNNotifee/NotifeeCore (= 7.8.0)
  - RNNotifee/NotifeeCore (7.8.0):
    - React-Core
  - RNScreens (3.25.0):
    - React-Core
    - React-RCTImage
  - RNSound (0.11.2):
    - React-Core
    - RNSound/Core (= 0.11.2)
  - RNSound/Core (0.11.2):
    - React-Core
  - RNVectorIcons (9.2.0):
    - React-Core
  - SocketRocket (0.6.1)
  - Stripe (22.8.4):
    - Stripe/Stripe3DS2 (= 22.8.4)
    - StripeApplePay (= 22.8.4)
    - StripeCore (= 22.8.4)
    - StripeUICore (= 22.8.4)
  - stripe-react-native (0.19.0):
    - React-Core
    - Stripe (~> 22.8.1)
    - StripeFinancialConnections (~> 22.8.1)
  - Stripe/Stripe3DS2 (22.8.4):
    - StripeApplePay (= 22.8.4)
    - StripeCore (= 22.8.4)
    - StripeUICore (= 22.8.4)
  - StripeApplePay (22.8.4):
    - StripeCore (= 22.8.4)
  - StripeCore (22.8.4)
  - StripeFinancialConnections (22.8.4):
    - StripeCore (= 22.8.4)
    - StripeUICore (= 22.8.4)
  - StripeUICore (22.8.4):
    - StripeCore (= 22.8.4)
  - Yoga (1.14.0)
  - YogaKit (1.18.1):
    - Yoga (~> 1.14)
  - zego-uikit-prebuilt-call-rn (3.0.0-beta.1):
    - React-Core
  - ZegoExpressEngine (3.2.0):
    - ZegoExpressEngine/Video (= 3.2.0)
  - ZegoExpressEngine/Video (3.2.0)

DEPENDENCIES:
  - boost (from `../node_modules/react-native/third-party-podspecs/boost.podspec`)
  - DoubleConversion (from `../node_modules/react-native/third-party-podspecs/DoubleConversion.podspec`)
  - FBLazyVector (from `../node_modules/react-native/Libraries/FBLazyVector`)
  - FBReactNativeSpec (from `../node_modules/react-native/React/FBReactNativeSpec`)
  - Firebase
  - FirebaseCore
  - Flipper (= 0.125.0)
  - Flipper-Boost-iOSX (= 1.76.0.1.11)
  - Flipper-DoubleConversion (= 3.2.0.1)
  - Flipper-Fmt (= 7.1.7)
  - Flipper-Folly (= 2.6.10)
  - Flipper-Glog (= 0.5.0.5)
  - Flipper-PeerTalk (= 0.0.4)
  - Flipper-RSocket (= 1.4.3)
  - FlipperKit (= 0.125.0)
  - FlipperKit/Core (= 0.125.0)
  - FlipperKit/CppBridge (= 0.125.0)
  - FlipperKit/FBCxxFollyDynamicConvert (= 0.125.0)
  - FlipperKit/FBDefines (= 0.125.0)
  - FlipperKit/FKPortForwarding (= 0.125.0)
  - FlipperKit/FlipperKitHighlightOverlay (= 0.125.0)
  - FlipperKit/FlipperKitLayoutPlugin (= 0.125.0)
  - FlipperKit/FlipperKitLayoutTextSearchable (= 0.125.0)
  - FlipperKit/FlipperKitNetworkPlugin (= 0.125.0)
  - FlipperKit/FlipperKitReactPlugin (= 0.125.0)
  - FlipperKit/FlipperKitUserDefaultsPlugin (= 0.125.0)
  - FlipperKit/SKIOSNetworkPlugin (= 0.125.0)
  - glog (from `../node_modules/react-native/third-party-podspecs/glog.podspec`)
  - GoogleUtilities
  - OpenSSL-Universal (= 1.1.1100)
  - RCT-Folly (from `../node_modules/react-native/third-party-podspecs/RCT-Folly.podspec`)
  - RCTRequired (from `../node_modules/react-native/Libraries/RCTRequired`)
  - RCTTypeSafety (from `../node_modules/react-native/Libraries/TypeSafety`)
  - React (from `../node_modules/react-native/`)
  - React-callinvoker (from `../node_modules/react-native/ReactCommon/callinvoker`)
  - React-Codegen (from `build/generated/ios`)
  - React-Core (from `../node_modules/react-native/`)
  - React-Core/DevSupport (from `../node_modules/react-native/`)
  - React-Core/RCTWebSocket (from `../node_modules/react-native/`)
  - React-CoreModules (from `../node_modules/react-native/React/CoreModules`)
  - React-cxxreact (from `../node_modules/react-native/ReactCommon/cxxreact`)
  - React-jsc (from `../node_modules/react-native/ReactCommon/jsc`)
  - React-jsi (from `../node_modules/react-native/ReactCommon/jsi`)
  - React-jsiexecutor (from `../node_modules/react-native/ReactCommon/jsiexecutor`)
  - React-jsinspector (from `../node_modules/react-native/ReactCommon/jsinspector`)
  - React-logger (from `../node_modules/react-native/ReactCommon/logger`)
  - "react-native-geolocation (from `../node_modules/@react-native-community/geolocation`)"
  - react-native-restart (from `../node_modules/react-native-restart`)
  - react-native-safe-area-context (from `../node_modules/react-native-safe-area-context`)
  - "react-native-slider (from `../node_modules/@react-native-community/slider`)"
  - react-native-video (from `../node_modules/react-native-video`)
  - react-native-webview (from `../node_modules/react-native-webview`)
  - react-native-zego-express-engine (from `../node_modules/zego-express-engine-reactnative`)
  - React-perflogger (from `../node_modules/react-native/ReactCommon/reactperflogger`)
  - React-RCTActionSheet (from `../node_modules/react-native/Libraries/ActionSheetIOS`)
  - React-RCTAnimation (from `../node_modules/react-native/Libraries/NativeAnimation`)
  - React-RCTAppDelegate (from `../node_modules/react-native/Libraries/AppDelegate`)
  - React-RCTBlob (from `../node_modules/react-native/Libraries/Blob`)
  - React-RCTImage (from `../node_modules/react-native/Libraries/Image`)
  - React-RCTLinking (from `../node_modules/react-native/Libraries/LinkingIOS`)
  - React-RCTNetwork (from `../node_modules/react-native/Libraries/Network`)
  - React-RCTSettings (from `../node_modules/react-native/Libraries/Settings`)
  - React-RCTText (from `../node_modules/react-native/Libraries/Text`)
  - React-RCTVibration (from `../node_modules/react-native/Libraries/Vibration`)
  - React-runtimeexecutor (from `../node_modules/react-native/ReactCommon/runtimeexecutor`)
  - ReactCommon/turbomodule/core (from `../node_modules/react-native/ReactCommon`)
  - RNAudioRecorderPlayer (from `../node_modules/react-native-audio-recorder-player`)
  - "RNCAsyncStorage (from `../node_modules/@react-native-async-storage/async-storage`)"
  - "RNCClipboard (from `../node_modules/@react-native-community/clipboard`)"
  - "RNFBApp (from `../node_modules/@react-native-firebase/app`)"
  - "RNFBDatabase (from `../node_modules/@react-native-firebase/database`)"
  - "RNFBMessaging (from `../node_modules/@react-native-firebase/messaging`)"
  - RNIap (from `../node_modules/react-native-iap`)
  - "RNNotifee (from `../node_modules/@notifee/react-native`)"
  - RNScreens (from `../node_modules/react-native-screens`)
  - RNSound (from `../node_modules/react-native-sound`)
  - RNVectorIcons (from `../node_modules/react-native-vector-icons`)
  - "stripe-react-native (from `../node_modules/@stripe/stripe-react-native`)"
  - Yoga (from `../node_modules/react-native/ReactCommon/yoga`)
  - "zego-uikit-prebuilt-call-rn (from `../node_modules/@zegocloud/zego-uikit-prebuilt-call-rn`)"

SPEC REPOS:
  trunk:
    - CocoaAsyncSocket
    - Firebase
    - FirebaseAnalytics
    - FirebaseCore
    - FirebaseCoreExtension
    - FirebaseCoreInternal
    - FirebaseDatabase
    - FirebaseInstallations
    - FirebaseMessaging
    - Flipper
    - Flipper-Boost-iOSX
    - Flipper-DoubleConversion
    - Flipper-Fmt
    - Flipper-Folly
    - Flipper-Glog
    - Flipper-PeerTalk
    - Flipper-RSocket
    - FlipperKit
    - fmt
    - GoogleAppMeasurement
    - GoogleDataTransport
    - GoogleUtilities
    - leveldb-library
    - libevent
    - nanopb
    - OpenSSL-Universal
    - PromisesObjC
    - SocketRocket
    - Stripe
    - StripeApplePay
    - StripeCore
    - StripeFinancialConnections
    - StripeUICore
    - YogaKit
    - ZegoExpressEngine

EXTERNAL SOURCES:
  boost:
    :podspec: "../node_modules/react-native/third-party-podspecs/boost.podspec"
  DoubleConversion:
    :podspec: "../node_modules/react-native/third-party-podspecs/DoubleConversion.podspec"
  FBLazyVector:
    :path: "../node_modules/react-native/Libraries/FBLazyVector"
  FBReactNativeSpec:
    :path: "../node_modules/react-native/React/FBReactNativeSpec"
  glog:
    :podspec: "../node_modules/react-native/third-party-podspecs/glog.podspec"
  RCT-Folly:
    :podspec: "../node_modules/react-native/third-party-podspecs/RCT-Folly.podspec"
  RCTRequired:
    :path: "../node_modules/react-native/Libraries/RCTRequired"
  RCTTypeSafety:
    :path: "../node_modules/react-native/Libraries/TypeSafety"
  React:
    :path: "../node_modules/react-native/"
  React-callinvoker:
    :path: "../node_modules/react-native/ReactCommon/callinvoker"
  React-Codegen:
    :path: build/generated/ios
  React-Core:
    :path: "../node_modules/react-native/"
  React-CoreModules:
    :path: "../node_modules/react-native/React/CoreModules"
  React-cxxreact:
    :path: "../node_modules/react-native/ReactCommon/cxxreact"
  React-jsc:
    :path: "../node_modules/react-native/ReactCommon/jsc"
  React-jsi:
    :path: "../node_modules/react-native/ReactCommon/jsi"
  React-jsiexecutor:
    :path: "../node_modules/react-native/ReactCommon/jsiexecutor"
  React-jsinspector:
    :path: "../node_modules/react-native/ReactCommon/jsinspector"
  React-logger:
    :path: "../node_modules/react-native/ReactCommon/logger"
  react-native-geolocation:
    :path: "../node_modules/@react-native-community/geolocation"
  react-native-restart:
    :path: "../node_modules/react-native-restart"
  react-native-safe-area-context:
    :path: "../node_modules/react-native-safe-area-context"
  react-native-slider:
    :path: "../node_modules/@react-native-community/slider"
  react-native-video:
    :path: "../node_modules/react-native-video"
  react-native-webview:
    :path: "../node_modules/react-native-webview"
  react-native-zego-express-engine:
    :path: "../node_modules/zego-express-engine-reactnative"
  React-perflogger:
    :path: "../node_modules/react-native/ReactCommon/reactperflogger"
  React-RCTActionSheet:
    :path: "../node_modules/react-native/Libraries/ActionSheetIOS"
  React-RCTAnimation:
    :path: "../node_modules/react-native/Libraries/NativeAnimation"
  React-RCTAppDelegate:
    :path: "../node_modules/react-native/Libraries/AppDelegate"
  React-RCTBlob:
    :path: "../node_modules/react-native/Libraries/Blob"
  React-RCTImage:
    :path: "../node_modules/react-native/Libraries/Image"
  React-RCTLinking:
    :path: "../node_modules/react-native/Libraries/LinkingIOS"
  React-RCTNetwork:
    :path: "../node_modules/react-native/Libraries/Network"
  React-RCTSettings:
    :path: "../node_modules/react-native/Libraries/Settings"
  React-RCTText:
    :path: "../node_modules/react-native/Libraries/Text"
  React-RCTVibration:
    :path: "../node_modules/react-native/Libraries/Vibration"
  React-runtimeexecutor:
    :path: "../node_modules/react-native/ReactCommon/runtimeexecutor"
  ReactCommon:
    :path: "../node_modules/react-native/ReactCommon"
  RNAudioRecorderPlayer:
    :path: "../node_modules/react-native-audio-recorder-player"
  RNCAsyncStorage:
    :path: "../node_modules/@react-native-async-storage/async-storage"
  RNCClipboard:
    :path: "../node_modules/@react-native-community/clipboard"
  RNFBApp:
    :path: "../node_modules/@react-native-firebase/app"
  RNFBDatabase:
    :path: "../node_modules/@react-native-firebase/database"
  RNFBMessaging:
    :path: "../node_modules/@react-native-firebase/messaging"
  RNIap:
    :path: "../node_modules/react-native-iap"
  RNNotifee:
    :path: "../node_modules/@notifee/react-native"
  RNScreens:
    :path: "../node_modules/react-native-screens"
  RNSound:
    :path: "../node_modules/react-native-sound"
  RNVectorIcons:
    :path: "../node_modules/react-native-vector-icons"
  stripe-react-native:
    :path: "../node_modules/@stripe/stripe-react-native"
  Yoga:
    :path: "../node_modules/react-native/ReactCommon/yoga"
  zego-uikit-prebuilt-call-rn:
    :path: "../node_modules/@zegocloud/zego-uikit-prebuilt-call-rn"

SPEC CHECKSUMS:
  boost: 57d2868c099736d80fcd648bf211b4431e51a558
  CocoaAsyncSocket: 065fd1e645c7abab64f7a6a2007a48038fdc6a99
  DoubleConversion: 5189b271737e1565bdce30deb4a08d647e3f5f54
  FBLazyVector: 60195509584153283780abdac5569feffb8f08cc
  FBReactNativeSpec: 9c191fb58d06dc05ab5559a5505fc32139e9e4a2
  Firebase: 0219acf760880eeec8ce479895bd7767466d9f81
  FirebaseAnalytics: f8133442ee6f8512e28ff19e62ce15398bfaeace
  FirebaseCore: e317665b9d744727a97e623edbbed009320afdd7
  FirebaseCoreExtension: f17247ba8c61e4d3c8d136b5e2de3cb4ac6a85b6
  FirebaseCoreInternal: d558159ee6cc4b823c2296ecc193de9f6d9a5bb3
  FirebaseDatabase: 06195bac336b5e4c893ec04a111631a4cdb00178
  FirebaseInstallations: f672b1eda64e6381c21d424a2f680a943fd83f3b
  FirebaseMessaging: ac9062bcc35ed56e15a0241d8fd317022499baf8
  Flipper: 26fc4b7382499f1281eb8cb921e5c3ad6de91fe0
  Flipper-Boost-iOSX: fd1e2b8cbef7e662a122412d7ac5f5bea715403c
  Flipper-DoubleConversion: 2dc99b02f658daf147069aad9dbd29d8feb06d30
  Flipper-Fmt: 60cbdd92fc254826e61d669a5d87ef7015396a9b
  Flipper-Folly: 584845625005ff068a6ebf41f857f468decd26b3
  Flipper-Glog: 70c50ce58ddaf67dc35180db05f191692570f446
  Flipper-PeerTalk: 116d8f857dc6ef55c7a5a75ea3ceaafe878aadc9
  Flipper-RSocket: d9d9ade67cbecf6ac10730304bf5607266dd2541
  FlipperKit: cbdee19bdd4e7f05472a66ce290f1b729ba3cb86
  fmt: ff9d55029c625d3757ed641535fd4a75fedc7ce9
  glog: 04b94705f318337d7ead9e6d17c019bd9b1f6b1b
  GoogleAppMeasurement: fe17c92a32207dd5cdd4e8d742767f2da74857f6
  GoogleDataTransport: 54dee9d48d14580407f8f5fbf2f496e92437a2f2
  GoogleUtilities: 13e2c67ede716b8741c7989e26893d151b2b2084
  leveldb-library: f03246171cce0484482ec291f88b6d563699ee06
  libevent: 4049cae6c81cdb3654a443be001fb9bdceff7913
  nanopb: b552cce312b6c8484180ef47159bc0f65a1f0431
  OpenSSL-Universal: ebc357f1e6bc71fa463ccb2fe676756aff50e88c
  PromisesObjC: c50d2056b5253dadbd6c2bea79b0674bd5a52fa4
  RCT-Folly: 424b8c9a7a0b9ab2886ffe9c3b041ef628fd4fb1
  RCTRequired: bec48f07daf7bcdc2655a0cde84e07d24d2a9e2a
  RCTTypeSafety: 171394eebacf71e1cfad79dbfae7ee8fc16ca80a
  React: d7433ccb6a8c36e4cbed59a73c0700fc83c3e98a
  React-callinvoker: 15f165009bd22ae829b2b600e50bcc98076ce4b8
  React-Codegen: df9d3975a10b29c1dfa4baa7678449e9d9648ca7
  React-Core: 882014e745cdad5788c5c8aa1a0f4661880aad69
  React-CoreModules: e0cbc1a4f4f3f60e23c476fef7ab37be363ea8c1
  React-cxxreact: bde3dde79b6d8e2dae76197ad75c11883f7d152d
  React-jsc: 30670396f92f5f9bab121bf8c303f5a0a507061b
  React-jsi: 103a8ff6586095e0e6853522f8eea37ca0226f99
  React-jsiexecutor: 891dad49e50d35fba97eeb43a35ae7470a8e10b2
  React-jsinspector: 9f7c9137605e72ca0343db4cea88006cb94856dd
  React-logger: 957e5dc96d9dbffc6e0f15e0ee4d2b42829ff207
  react-native-geolocation: 0f7fe8a4c2de477e278b0365cce27d089a8c5903
  react-native-restart: 7595693413fe3ca15893702f2c8306c62a708162
  react-native-safe-area-context: 9e40fb181dac02619414ba1294d6c2a807056ab9
  react-native-slider: 1cdd6ba29675df21f30544253bf7351d3c2d68c4
  react-native-video: c26780b224543c62d5e1b2a7244a5cd1b50e8253
  react-native-webview: 65f1143983cfeaedf02fd25b2621d3f4a37075de
  react-native-zego-express-engine: 47e48e9e647bc973827a04f0c09723a9f3421feb
  React-perflogger: af8a3d31546077f42d729b949925cc4549f14def
  React-RCTActionSheet: 57cc5adfefbaaf0aae2cf7e10bccd746f2903673
  React-RCTAnimation: 11c61e94da700c4dc915cf134513764d87fc5e2b
  React-RCTAppDelegate: 3057d5a551fbe3ac8bac361761f4c74ba2e5ab17
  React-RCTBlob: 0e49a4ecd4d5276c79bea13d1c4b21f99da45121
  React-RCTImage: 7a9226b0944f1e76e8e01e35a9245c2477cdbabb
  React-RCTLinking: bbe8cc582046a9c04f79c235b73c93700263e8b4
  React-RCTNetwork: fc2ca322159dc54e06508d4f5c3e934da63dc013
  React-RCTSettings: f1e9db2cdf946426d3f2b210e4ff4ce0f0d842ef
  React-RCTText: 1c41dd57e5d742b1396b4eeb251851ce7ff0fca1
  React-RCTVibration: 5199a180d04873366a83855de55ac33ce60fe4d5
  React-runtimeexecutor: 7bf0dafc7b727d93c8cb94eb00a9d3753c446c3e
  ReactCommon: 5768a505f0bc7b798dc2becdd3ee6442224f796c
  RNAudioRecorderPlayer: 1ff1ddabbe89031df12ba9d5ac2fa724697c5c48
  RNCAsyncStorage: c913ede1fa163a71cea118ed4670bbaaa4b511bb
  RNCClipboard: 41d8d918092ae8e676f18adada19104fa3e68495
  RNFBApp: 0d8bf86673bbad0524d1ceac3944d71ccf48a0e4
  RNFBDatabase: 81640ecb1080b557406d87a27cb06422725286fd
  RNFBMessaging: 4b8cb1215465bacca36d0fcfc2f51e7e2aa1bc91
  RNIap: b699b537ca34fa1cd15b78f4ec383ab502d01f6c
  RNNotifee: f3c01b391dd8e98e67f539f9a35a9cbcd3bae744
  RNScreens: 85d3880b52d34db7b8eeebe2f1a0e807c05e69fa
  RNSound: 6c156f925295bdc83e8e422e7d8b38d33bc71852
  RNVectorIcons: fcc2f6cb32f5735b586e66d14103a74ce6ad61f8
  SocketRocket: f32cd54efbe0f095c4d7594881e52619cfe80b17
  Stripe: 59f6659e8ea413def19c97c57e23f5ec6ea48cf8
  stripe-react-native: 0e50141806454839806143db5ce514a0cddd4d12
  StripeApplePay: 6e9aebd3d248464836e9fbdaef6e5fb1817d56a6
  StripeCore: 193f27552fb98108ebfe0df11651fe5f38948305
  StripeFinancialConnections: 955c345ada7d0dff1a9bd15c4ebc97eacce4ac75
  StripeUICore: 6a5bbea0164d63bd91000f001903e7901859e1a4
  Yoga: 5ed1699acbba8863755998a4245daa200ff3817b
  YogaKit: f782866e155069a2cca2517aafea43200b01fd5a
  zego-uikit-prebuilt-call-rn: 14bf792bc8be98cd040c60f4b61969c5c787aa88
  ZegoExpressEngine: 7ddbd7134c03c45bfdcddb61f4d76a1486518425

PODFILE CHECKSUM: 85fe6b8dc12826cc855389e90cef008a8b172b0c

COCOAPODS: 1.12.0
